
Microsoft Visual Studio Solution File, Format Version 12.00
# Visual Studio Version 17
VisualStudioVersion = 17.3.32922.545
MinimumVisualStudioVersion = 10.0.40219.1
Project("{FAE04EC0-301F-11D3-BF4B-00C04F79EFBC}") = "Lab19", "Lab19.csproj", "{4B056563-EDC8-4B53-8F27-464E0ED935EA}"
EndProject
Global
	GlobalSection(SolutionConfigurationPlatforms) = preSolution
		Debug|Any CPU = Debug|Any CPU
		Release|Any CPU = Release|Any CPU
	EndGlobalSection
	GlobalSection(ProjectConfigurationPlatforms) = postSolution
		{4B056563-EDC8-4B53-8F27-464E0ED935EA}.Debug|Any CPU.ActiveCfg = Debug|Any CPU
		{4B056563-EDC8-4B53-8F27-464E0ED935EA}.Debug|Any CPU.Build.0 = Debug|Any CPU
		{4B056563-EDC8-4B53-8F27-464E0ED935EA}.Release|Any CPU.ActiveCfg = Release|Any CPU
		{4B056563-EDC8-4B53-8F27-464E0ED935EA}.Release|Any CPU.Build.0 = Release|Any CPU
	EndGlobalSection
	GlobalSection(SolutionProperties) = preSolution
		HideSolutionNode = FALSE
	EndGlobalSection
	GlobalSection(ExtensibilityGlobals) = postSolution
		SolutionGuid = {B02F5F00-241C-4140-A557-F0D89AF3E5EB}
	EndGlobalSection
EndGlobal
